
Microsoft Visual Studio Solution File, Format Version 12.00
# Visual Studio Version 17
VisualStudioVersion = 17.8.34511.84
MinimumVisualStudioVersion = 10.0.40219.1
Project("{888888A0-9F3D-457C-B088-3A5042F75D52}") = "Motor_Kinematics", "Motor_Kinematics\Motor_Kinematics.pyproj", "{31CCA215-13CB-4E13-8B52-7D07F206EB2F}"
EndProject
Global
	GlobalSection(SolutionConfigurationPlatforms) = preSolution
		Debug|Any CPU = Debug|Any CPU
		Release|Any CPU = Release|Any CPU
	EndGlobalSection
	GlobalSection(ProjectConfigurationPlatforms) = postSolution
		{31CCA215-13CB-4E13-8B52-7D07F206EB2F}.Debug|Any CPU.ActiveCfg = Debug|Any CPU
		{31CCA215-13CB-4E13-8B52-7D07F206EB2F}.Release|Any CPU.ActiveCfg = Release|Any CPU
	EndGlobalSection
	GlobalSection(SolutionProperties) = preSolution
		HideSolutionNode = FALSE
	EndGlobalSection
	GlobalSection(ExtensibilityGlobals) = postSolution
		SolutionGuid = {BAE66A7E-3DFE-4F66-8AC0-3C52D1B009C1}
	EndGlobalSection
EndGlobal
